// !$*UTF8*$!
{
	archiveVersion = 1;
	classes = {
	};
	objectVersion = 50;
	objects = {

/* Begin PBXBuildFile section */
		10E17E2CACE8D32A0F4E6CC1 /* Pods_MallHomeTest.framework in Frameworks */ = {isa = PBXBuildFile; fileRef = 477D168BB6FDD78E467114D2 /* Pods_MallHomeTest.framework */; };
		9F18AB46223A9BB400D84119 /* UtilModel.swift in Sources */ = {isa = PBXBuildFile; fileRef = 9F18AB45223A9BB400D84119 /* UtilModel.swift */; };
		9F71FC4C223A18470074960F /* AppDelegate.swift in Sources */ = {isa = PBXBuildFile; fileRef = 9F71FC4B223A18470074960F /* AppDelegate.swift */; };
		9F71FC4E223A18470074960F /* MallHome.swift in Sources */ = {isa = PBXBuildFile; fileRef = 9F71FC4D223A18470074960F /* MallHome.swift */; };
		9F71FC51223A18470074960F /* Main.storyboard in Resources */ = {isa = PBXBuildFile; fileRef = 9F71FC4F223A18470074960F /* Main.storyboard */; };
		9F71FC53223A184A0074960F /* Assets.xcassets in Resources */ = {isa = PBXBuildFile; fileRef = 9F71FC52223A184A0074960F /* Assets.xcassets */; };
		9F71FC56223A184A0074960F /* LaunchScreen.storyboard in Resources */ = {isa = PBXBuildFile; fileRef = 9F71FC54223A184A0074960F /* LaunchScreen.storyboard */; };
		9FAAD27D223A320A007356BF /* ProductTVCell.swift in Sources */ = {isa = PBXBuildFile; fileRef = 9FAAD27C223A320A007356BF /* ProductTVCell.swift */; };
		9FAAD27F223A3231007356BF /* ProductCVCell.swift in Sources */ = {isa = PBXBuildFile; fileRef = 9FAAD27E223A3231007356BF /* ProductCVCell.swift */; };
		9FAAD283223A3280007356BF /* ApiManager.swift in Sources */ = {isa = PBXBuildFile; fileRef = 9FAAD282223A3280007356BF /* ApiManager.swift */; };
		9FAAD285223A32AE007356BF /* MenuModel.swift in Sources */ = {isa = PBXBuildFile; fileRef = 9FAAD284223A32AE007356BF /* MenuModel.swift */; };
		9FAAD28A223A43D3007356BF /* ProductResponse.swift in Sources */ = {isa = PBXBuildFile; fileRef = 9FAAD289223A43D3007356BF /* ProductResponse.swift */; };
		9FAAD28C223A594C007356BF /* PostPacket.swift in Sources */ = {isa = PBXBuildFile; fileRef = 9FAAD28B223A594C007356BF /* PostPacket.swift */; };
/* End PBXBuildFile section */

/* Begin PBXFileReference section */
		477D168BB6FDD78E467114D2 /* Pods_MallHomeTest.framework */ = {isa = PBXFileReference; explicitFileType = wrapper.framework; includeInIndex = 0; path = Pods_MallHomeTest.framework; sourceTree = BUILT_PRODUCTS_DIR; };
		9F18AB45223A9BB400D84119 /* UtilModel.swift */ = {isa = PBXFileReference; lastKnownFileType = sourcecode.swift; path = UtilModel.swift; sourceTree = "<group>"; };
		9F71FC48223A18470074960F /* MallHomeTest.app */ = {isa = PBXFileReference; explicitFileType = wrapper.application; includeInIndex = 0; path = MallHomeTest.app; sourceTree = BUILT_PRODUCTS_DIR; };
		9F71FC4B223A18470074960F /* AppDelegate.swift */ = {isa = PBXFileReference; lastKnownFileType = sourcecode.swift; path = AppDelegate.swift; sourceTree = "<group>"; };
		9F71FC4D223A18470074960F /* MallHome.swift */ = {isa = PBXFileReference; lastKnownFileType = sourcecode.swift; path = MallHome.swift; sourceTree = "<group>"; };
		9F71FC50223A18470074960F /* Base */ = {isa = PBXFileReference; lastKnownFileType = file.storyboard; name = Base; path = Base.lproj/Main.storyboard; sourceTree = "<group>"; };
		9F71FC52223A184A0074960F /* Assets.xcassets */ = {isa = PBXFileReference; lastKnownFileType = folder.assetcatalog; path = Assets.xcassets; sourceTree = "<group>"; };
		9F71FC55223A184A0074960F /* Base */ = {isa = PBXFileReference; lastKnownFileType = file.storyboard; name = Base; path = Base.lproj/LaunchScreen.storyboard; sourceTree = "<group>"; };
		9F71FC57223A184A0074960F /* Info.plist */ = {isa = PBXFileReference; lastKnownFileType = text.plist.xml; path = Info.plist; sourceTree = "<group>"; };
		9FAAD27C223A320A007356BF /* ProductTVCell.swift */ = {isa = PBXFileReference; lastKnownFileType = sourcecode.swift; path = ProductTVCell.swift; sourceTree = "<group>"; };
		9FAAD27E223A3231007356BF /* ProductCVCell.swift */ = {isa = PBXFileReference; lastKnownFileType = sourcecode.swift; path = ProductCVCell.swift; sourceTree = "<group>"; };
		9FAAD282223A3280007356BF /* ApiManager.swift */ = {isa = PBXFileReference; lastKnownFileType = sourcecode.swift; path = ApiManager.swift; sourceTree = "<group>"; };
		9FAAD284223A32AE007356BF /* MenuModel.swift */ = {isa = PBXFileReference; lastKnownFileType = sourcecode.swift; path = MenuModel.swift; sourceTree = "<group>"; };
		9FAAD289223A43D3007356BF /* ProductResponse.swift */ = {isa = PBXFileReference; lastKnownFileType = sourcecode.swift; path = ProductResponse.swift; sourceTree = "<group>"; };
		9FAAD28B223A594C007356BF /* PostPacket.swift */ = {isa = PBXFileReference; lastKnownFileType = sourcecode.swift; path = PostPacket.swift; sourceTree = "<group>"; };
		ED19483CC9574335B64B9D47 /* Pods-MallHomeTest.debug.xcconfig */ = {isa = PBXFileReference; includeInIndex = 1; lastKnownFileType = text.xcconfig; name = "Pods-MallHomeTest.debug.xcconfig"; path = "Pods/Target Support Files/Pods-MallHomeTest/Pods-MallHomeTest.debug.xcconfig"; sourceTree = "<group>"; };
		F2FB375C094582387203FCDC /* Pods-MallHomeTest.release.xcconfig */ = {isa = PBXFileReference; includeInIndex = 1; lastKnownFileType = text.xcconfig; name = "Pods-MallHomeTest.release.xcconfig"; path = "Pods/Target Support Files/Pods-MallHomeTest/Pods-MallHomeTest.release.xcconfig"; sourceTree = "<group>"; };
/* End PBXFileReference section */

/* Begin PBXFrameworksBuildPhase section */
		9F71FC45223A18470074960F /* Frameworks */ = {
			isa = PBXFrameworksBuildPhase;
			buildActionMask = 2147483647;
			files = (
				10E17E2CACE8D32A0F4E6CC1 /* Pods_MallHomeTest.framework in Frameworks */,
			);
			runOnlyForDeploymentPostprocessing = 0;
		};
/* End PBXFrameworksBuildPhase section */

/* Begin PBXGroup section */
		121D0E4116550571EA706358 /* Pods */ = {
			isa = PBXGroup;
			children = (
				ED19483CC9574335B64B9D47 /* Pods-MallHomeTest.debug.xcconfig */,
				F2FB375C094582387203FCDC /* Pods-MallHomeTest.release.xcconfig */,
			);
			name = Pods;
			sourceTree = "<group>";
		};
		9F71FC3F223A18470074960F = {
			isa = PBXGroup;
			children = (
				9F71FC4A223A18470074960F /* MallHomeTest */,
				9F71FC49223A18470074960F /* Products */,
				121D0E4116550571EA706358 /* Pods */,
				DCB12E46EE01CD25DD0D0AF7 /* Frameworks */,
			);
			sourceTree = "<group>";
		};
		9F71FC49223A18470074960F /* Products */ = {
			isa = PBXGroup;
			children = (
				9F71FC48223A18470074960F /* MallHomeTest.app */,
			);
			name = Products;
			sourceTree = "<group>";
		};
		9F71FC4A223A18470074960F /* MallHomeTest */ = {
			isa = PBXGroup;
			children = (
				9FAAD281223A326B007356BF /* Util */,
				9FAAD280223A323A007356BF /* Model */,
				9FAAD27B223A31E8007356BF /* Cells */,
				9F71FC4B223A18470074960F /* AppDelegate.swift */,
				9F71FC4D223A18470074960F /* MallHome.swift */,
				9F71FC4F223A18470074960F /* Main.storyboard */,
				9F71FC52223A184A0074960F /* Assets.xcassets */,
				9F71FC54223A184A0074960F /* LaunchScreen.storyboard */,
				9F71FC57223A184A0074960F /* Info.plist */,
			);
			path = MallHomeTest;
			sourceTree = "<group>";
		};
		9FAAD27B223A31E8007356BF /* Cells */ = {
			isa = PBXGroup;
			children = (
				9FAAD27C223A320A007356BF /* ProductTVCell.swift */,
				9FAAD27E223A3231007356BF /* ProductCVCell.swift */,
			);
			path = Cells;
			sourceTree = "<group>";
		};
		9FAAD280223A323A007356BF /* Model */ = {
			isa = PBXGroup;
			children = (
			);
			path = Model;
			sourceTree = "<group>";
		};
		9FAAD281223A326B007356BF /* Util */ = {
			isa = PBXGroup;
			children = (
				9FAAD282223A3280007356BF /* ApiManager.swift */,
				9FAAD284223A32AE007356BF /* MenuModel.swift */,
				9FAAD289223A43D3007356BF /* ProductResponse.swift */,
				9FAAD28B223A594C007356BF /* PostPacket.swift */,
				9F18AB45223A9BB400D84119 /* UtilModel.swift */,
			);
			path = Util;
			sourceTree = "<group>";
		};
		DCB12E46EE01CD25DD0D0AF7 /* Frameworks */ = {
			isa = PBXGroup;
			children = (
				477D168BB6FDD78E467114D2 /* Pods_MallHomeTest.framework */,
			);
			name = Frameworks;
			sourceTree = "<group>";
		};
/* End PBXGroup section */

/* Begin PBXNativeTarget section */
		9F71FC47223A18470074960F /* MallHomeTest */ = {
			isa = PBXNativeTarget;
			buildConfigurationList = 9F71FC5A223A184A0074960F /* Build configuration list for PBXNativeTarget "MallHomeTest" */;
			buildPhases = (
				54403E83578EE7CEA3A2BB56 /* [CP] Check Pods Manifest.lock */,
				9F71FC44223A18470074960F /* Sources */,
				9F71FC45223A18470074960F /* Frameworks */,
				9F71FC46223A18470074960F /* Resources */,
				8ADDD401AAD50245381C5546 /* [CP] Embed Pods Frameworks */,
			);
			buildRules = (
			);
			dependencies = (
			);
			name = MallHomeTest;
			productName = MallHomeTest;
			productReference = 9F71FC48223A18470074960F /* MallHomeTest.app */;
			productType = "com.apple.product-type.application";
		};
/* End PBXNativeTarget section */

/* Begin PBXProject section */
		9F71FC40223A18470074960F /* Project object */ = {
			isa = PBXProject;
			attributes = {
				LastSwiftUpdateCheck = 1010;
				LastUpgradeCheck = 1010;
				ORGANIZATIONNAME = kiran;
				TargetAttributes = {
					9F71FC47223A18470074960F = {
						CreatedOnToolsVersion = 10.1;
					};
				};
			};
			buildConfigurationList = 9F71FC43223A18470074960F /* Build configuration list for PBXProject "MallHomeTest" */;
			compatibilityVersion = "Xcode 9.3";
			developmentRegion = en;
			hasScannedForEncodings = 0;
			knownRegions = (
				en,
				Base,
			);
			mainGroup = 9F71FC3F223A18470074960F;
			productRefGroup = 9F71FC49223A18470074960F /* Products */;
			projectDirPath = "";
			projectRoot = "";
			targets = (
				9F71FC47223A18470074960F /* MallHomeTest */,
			);
		};
/* End PBXProject section */

/* Begin PBXResourcesBuildPhase section */
		9F71FC46223A18470074960F /* Resources */ = {
			isa = PBXResourcesBuildPhase;
			buildActionMask = 2147483647;
			files = (
				9F71FC56223A184A0074960F /* LaunchScreen.storyboard in Resources */,
				9F71FC53223A184A0074960F /* Assets.xcassets in Resources */,
				9F71FC51223A18470074960F /* Main.storyboard in Resources */,
			);
			runOnlyForDeploymentPostprocessing = 0;
		};
/* End PBXResourcesBuildPhase section */

/* Begin PBXShellScriptBuildPhase section */
		54403E83578EE7CEA3A2BB56 /* [CP] Check Pods Manifest.lock */ = {
			isa = PBXShellScriptBuildPhase;
			buildActionMask = 2147483647;
			files = (
			);
			inputPaths = (
				"${PODS_PODFILE_DIR_PATH}/Podfile.lock",
				"${PODS_ROOT}/Manifest.lock",
			);
			name = "[CP] Check Pods Manifest.lock";
			outputPaths = (
				"$(DERIVED_FILE_DIR)/Pods-MallHomeTest-checkManifestLockResult.txt",
			);
			runOnlyForDeploymentPostprocessing = 0;
			shellPath = /bin/sh;
			shellScript = "diff \"${PODS_PODFILE_DIR_PATH}/Podfile.lock\" \"${PODS_ROOT}/Manifest.lock\" > /dev/null\nif [ $? != 0 ] ; then\n    # print error to STDERR\n    echo \"error: The sandbox is not in sync with the Podfile.lock. Run 'pod install' or update your CocoaPods installation.\" >&2\n    exit 1\nfi\n# This output is used by Xcode 'outputs' to avoid re-running this script phase.\necho \"SUCCESS\" > \"${SCRIPT_OUTPUT_FILE_0}\"\n";
			showEnvVarsInLog = 0;
		};
		8ADDD401AAD50245381C5546 /* [CP] Embed Pods Frameworks */ = {
			isa = PBXShellScriptBuildPhase;
			buildActionMask = 2147483647;
			files = (
			);
			inputPaths = (
				"${SRCROOT}/Pods/Target Support Files/Pods-MallHomeTest/Pods-MallHomeTest-frameworks.sh",
				"${BUILT_PRODUCTS_DIR}/Alamofire/Alamofire.framework",
				"${BUILT_PRODUCTS_DIR}/AlamofireImage/AlamofireImage.framework",
				"${BUILT_PRODUCTS_DIR}/PromiseKit/PromiseKit.framework",
			);
			name = "[CP] Embed Pods Frameworks";
			outputPaths = (
				"${TARGET_BUILD_DIR}/${FRAMEWORKS_FOLDER_PATH}/Alamofire.framework",
				"${TARGET_BUILD_DIR}/${FRAMEWORKS_FOLDER_PATH}/AlamofireImage.framework",
				"${TARGET_BUILD_DIR}/${FRAMEWORKS_FOLDER_PATH}/PromiseKit.framework",
			);
			runOnlyForDeploymentPostprocessing = 0;
			shellPath = /bin/sh;
			shellScript = "\"${SRCROOT}/Pods/Target Support Files/Pods-MallHomeTest/Pods-MallHomeTest-frameworks.sh\"\n";
			showEnvVarsInLog = 0;
		};
/* End PBXShellScriptBuildPhase section */

/* Begin PBXSourcesBuildPhase section */
		9F71FC44223A18470074960F /* Sources */ = {
			isa = PBXSourcesBuildPhase;
			buildActionMask = 2147483647;
			files = (
				9FAAD27F223A3231007356BF /* ProductCVCell.swift in Sources */,
				9FAAD28C223A594C007356BF /* PostPacket.swift in Sources */,
				9FAAD285223A32AE007356BF /* MenuModel.swift in Sources */,
				9FAAD27D223A320A007356BF /* ProductTVCell.swift in Sources */,
				9FAAD283223A3280007356BF /* ApiManager.swift in Sources */,
				9F71FC4E223A18470074960F /* MallHome.swift in Sources */,
				9FAAD28A223A43D3007356BF /* ProductResponse.swift in Sources */,
				9F71FC4C223A18470074960F /* AppDelegate.swift in Sources */,
				9F18AB46223A9BB400D84119 /* UtilModel.swift in Sources */,
			);
			runOnlyForDeploymentPostprocessing = 0;
		};
/* End PBXSourcesBuildPhase section */

/* Begin PBXVariantGroup section */
		9F71FC4F223A18470074960F /* Main.storyboard */ = {
			isa = PBXVariantGroup;
			children = (
				9F71FC50223A18470074960F /* Base */,
			);
			name = Main.storyboard;
			sourceTree = "<group>";
		};
		9F71FC54223A184A0074960F /* LaunchScreen.storyboard */ = {
			isa = PBXVariantGroup;
			children = (
				9F71FC55223A184A0074960F /* Base */,
			);
			name = LaunchScreen.storyboard;
			sourceTree = "<group>";
		};
/* End PBXVariantGroup section */

/* Begin XCBuildConfiguration section */
		9F71FC58223A184A0074960F /* Debug */ = {
			isa = XCBuildConfiguration;
			buildSettings = {
				ALWAYS_SEARCH_USER_PATHS = NO;
				CLANG_ANALYZER_NONNULL = YES;
				CLANG_ANALYZER_NUMBER_OBJECT_CONVERSION = YES_AGGRESSIVE;
				CLANG_CXX_LANGUAGE_STANDARD = "gnu++14";
				CLANG_CXX_LIBRARY = "libc++";
				CLANG_ENABLE_MODULES = YES;
				CLANG_ENABLE_OBJC_ARC = YES;
				CLANG_ENABLE_OBJC_WEAK = YES;
				CLANG_WARN_BLOCK_CAPTURE_AUTORELEASING = YES;
				CLANG_WARN_BOOL_CONVERSION = YES;
				CLANG_WARN_COMMA = YES;
				CLANG_WARN_CONSTANT_CONVERSION = YES;
				CLANG_WARN_DEPRECATED_OBJC_IMPLEMENTATIONS = YES;
				CLANG_WARN_DIRECT_OBJC_ISA_USAGE = YES_ERROR;
				CLANG_WARN_DOCUMENTATION_COMMENTS = YES;
				CLANG_WARN_EMPTY_BODY = YES;
				CLANG_WARN_ENUM_CONVERSION = YES;
				CLANG_WARN_INFINITE_RECURSION = YES;
				CLANG_WARN_INT_CONVERSION = YES;
				CLANG_WARN_NON_LITERAL_NULL_CONVERSION = YES;
				CLANG_WARN_OBJC_IMPLICIT_RETAIN_SELF = YES;
				CLANG_WARN_OBJC_LITERAL_CONVERSION = YES;
				CLANG_WARN_OBJC_ROOT_CLASS = YES_ERROR;
				CLANG_WARN_RANGE_LOOP_ANALYSIS = YES;
				CLANG_WARN_STRICT_PROTOTYPES = YES;
				CLANG_WARN_SUSPICIOUS_MOVE = YES;
				CLANG_WARN_UNGUARDED_AVAILABILITY = YES_AGGRESSIVE;
				CLANG_WARN_UNREACHABLE_CODE = YES;
				CLANG_WARN__DUPLICATE_METHOD_MATCH = YES;
				CODE_SIGN_IDENTITY = "iPhone Developer";
				COPY_PHASE_STRIP = NO;
				DEBUG_INFORMATION_FORMAT = dwarf;
				ENABLE_STRICT_OBJC_MSGSEND = YES;
				ENABLE_TESTABILITY = YES;
				GCC_C_LANGUAGE_STANDARD = gnu11;
				GCC_DYNAMIC_NO_PIC = NO;
				GCC_NO_COMMON_BLOCKS = YES;
				GCC_OPTIMIZATION_LEVEL = 0;
				GCC_PREPROCESSOR_DEFINITIONS = (
					"DEBUG=1",
					"$(inherited)",
				);
				GCC_WARN_64_TO_32_BIT_CONVERSION = YES;
				GCC_WARN_ABOUT_RETURN_TYPE = YES_ERROR;
				GCC_WARN_UNDECLARED_SELECTOR = YES;
				GCC_WARN_UNINITIALIZED_AUTOS = YES_AGGRESSIVE;
				GCC_WARN_UNUSED_FUNCTION = YES;
				GCC_WARN_UNUSED_VARIABLE = YES;
				IPHONEOS_DEPLOYMENT_TARGET = 12.1;
				MTL_ENABLE_DEBUG_INFO = INCLUDE_SOURCE;
				MTL_FAST_MATH = YES;
				ONLY_ACTIVE_ARCH = YES;
				SDKROOT = iphoneos;
				SWIFT_ACTIVE_COMPILATION_CONDITIONS = DEBUG;
				SWIFT_OPTIMIZATION_LEVEL = "-Onone";
			};
			name = Debug;
		};
		9F71FC59223A184A0074960F /* Release */ = {
			isa = XCBuildConfiguration;
			buildSettings = {
				ALWAYS_SEARCH_USER_PATHS = NO;
				CLANG_ANALYZER_NONNULL = YES;
				CLANG_ANALYZER_NUMBER_OBJECT_CONVERSION = YES_AGGRESSIVE;
				CLANG_CXX_LANGUAGE_STANDARD = "gnu++14";
				CLANG_CXX_LIBRARY = "libc++";
				CLANG_ENABLE_MODULES = YES;
				CLANG_ENABLE_OBJC_ARC = YES;
				CLANG_ENABLE_OBJC_WEAK = YES;
				CLANG_WARN_BLOCK_CAPTURE_AUTORELEASING = YES;
				CLANG_WARN_BOOL_CONVERSION = YES;
				CLANG_WARN_COMMA = YES;
				CLANG_WARN_CONSTANT_CONVERSION = YES;
				CLANG_WARN_DEPRECATED_OBJC_IMPLEMENTATIONS = YES;
				CLANG_WARN_DIRECT_OBJC_ISA_USAGE = YES_ERROR;
				CLANG_WARN_DOCUMENTATION_COMMENTS = YES;
				CLANG_WARN_EMPTY_BODY = YES;
				CLANG_WARN_ENUM_CONVERSION = YES;
				CLANG_WARN_INFINITE_RECURSION = YES;
				CLANG_WARN_INT_CONVERSION = YES;
				CLANG_WARN_NON_LITERAL_NULL_CONVERSION = YES;
				CLANG_WARN_OBJC_IMPLICIT_RETAIN_SELF = YES;
				CLANG_WARN_OBJC_LITERAL_CONVERSION = YES;
				CLANG_WARN_OBJC_ROOT_CLASS = YES_ERROR;
				CLANG_WARN_RANGE_LOOP_ANALYSIS = YES;
				CLANG_WARN_STRICT_PROTOTYPES = YES;
				CLANG_WARN_SUSPICIOUS_MOVE = YES;
				CLANG_WARN_UNGUARDED_AVAILABILITY = YES_AGGRESSIVE;
				CLANG_WARN_UNREACHABLE_CODE = YES;
				CLANG_WARN__DUPLICATE_METHOD_MATCH = YES;
				CODE_SIGN_IDENTITY = "iPhone Developer";
				COPY_PHASE_STRIP = NO;
				DEBUG_INFORMATION_FORMAT = "dwarf-with-dsym";
				ENABLE_NS_ASSERTIONS = NO;
				ENABLE_STRICT_OBJC_MSGSEND = YES;
				GCC_C_LANGUAGE_STANDARD = gnu11;
				GCC_NO_COMMON_BLOCKS = YES;
				GCC_WARN_64_TO_32_BIT_CONVERSION = YES;
				GCC_WARN_ABOUT_RETURN_TYPE = YES_ERROR;
				GCC_WARN_UNDECLARED_SELECTOR = YES;
				GCC_WARN_UNINITIALIZED_AUTOS = YES_AGGRESSIVE;
				GCC_WARN_UNUSED_FUNCTION = YES;
				GCC_WARN_UNUSED_VARIABLE = YES;
				IPHONEOS_DEPLOYMENT_TARGET = 12.1;
				MTL_ENABLE_DEBUG_INFO = NO;
				MTL_FAST_MATH = YES;
				SDKROOT = iphoneos;
				SWIFT_COMPILATION_MODE = wholemodule;
				SWIFT_OPTIMIZATION_LEVEL = "-O";
				VALIDATE_PRODUCT = YES;
			};
			name = Release;
		};
		9F71FC5B223A184A0074960F /* Debug */ = {
			isa = XCBuildConfiguration;
			baseConfigurationReference = ED19483CC9574335B64B9D47 /* Pods-MallHomeTest.debug.xcconfig */;
			buildSettings = {
				ASSETCATALOG_COMPILER_APPICON_NAME = AppIcon;
				CODE_SIGN_STYLE = Automatic;
				INFOPLIST_FILE = MallHomeTest/Info.plist;
				LD_RUNPATH_SEARCH_PATHS = (
					"$(inherited)",
					"@executable_path/Frameworks",
				);
				PRODUCT_BUNDLE_IDENTIFIER = com.kiranrana.MallHomeTest;
				PRODUCT_NAME = "$(TARGET_NAME)";
				SWIFT_VERSION = 4.2;
				TARGETED_DEVICE_FAMILY = "1,2";
			};
			name = Debug;
		};
		9F71FC5C223A184A0074960F /* Release */ = {
			isa = XCBuildConfiguration;
			baseConfigurationReference = F2FB375C094582387203FCDC /* Pods-MallHomeTest.release.xcconfig */;
			buildSettings = {
				ASSETCATALOG_COMPILER_APPICON_NAME = AppIcon;
				CODE_SIGN_STYLE = Automatic;
				INFOPLIST_FILE = MallHomeTest/Info.plist;
				LD_RUNPATH_SEARCH_PATHS = (
					"$(inherited)",
					"@executable_path/Frameworks",
				);
				PRODUCT_BUNDLE_IDENTIFIER = com.kiranrana.MallHomeTest;
				PRODUCT_NAME = "$(TARGET_NAME)";
				SWIFT_VERSION = 4.2;
				TARGETED_DEVICE_FAMILY = "1,2";
			};
			name = Release;
		};
/* End XCBuildConfiguration section */

/* Begin XCConfigurationList section */
		9F71FC43223A18470074960F /* Build configuration list for PBXProject "MallHomeTest" */ = {
			isa = XCConfigurationList;
			buildConfigurations = (
				9F71FC58223A184A0074960F /* Debug */,
				9F71FC59223A184A0074960F /* Release */,
			);
			defaultConfigurationIsVisible = 0;
			defaultConfigurationName = Release;
		};
		9F71FC5A223A184A0074960F /* Build configuration list for PBXNativeTarget "MallHomeTest" */ = {
			isa = XCConfigurationList;
			buildConfigurations = (
				9F71FC5B223A184A0074960F /* Debug */,
				9F71FC5C223A184A0074960F /* Release */,
			);
			defaultConfigurationIsVisible = 0;
			defaultConfigurationName = Release;
		};
/* End XCConfigurationList section */
	};
	rootObject = 9F71FC40223A18470074960F /* Project object */;
}
